
Microsoft Visual Studio Solution File, Format Version 12.00
# Visual Studio Version 17
VisualStudioVersion = 17.1.32319.34
MinimumVisualStudioVersion = 10.0.40219.1
Project("{FAE04EC0-301F-11D3-BF4B-00C04F79EFBC}") = "WeatherCart", "WeatherCart\WeatherCart.csproj", "{15336773-0F1F-4EE7-B11E-47DCD72A4B45}"
EndProject
Global
	GlobalSection(SolutionConfigurationPlatforms) = preSolution
		Debug|Any CPU = Debug|Any CPU
		Release|Any CPU = Release|Any CPU
	EndGlobalSection
	GlobalSection(ProjectConfigurationPlatforms) = postSolution
		{15336773-0F1F-4EE7-B11E-47DCD72A4B45}.Debug|Any CPU.ActiveCfg = Debug|Any CPU
		{15336773-0F1F-4EE7-B11E-47DCD72A4B45}.Debug|Any CPU.Build.0 = Debug|Any CPU
		{15336773-0F1F-4EE7-B11E-47DCD72A4B45}.Release|Any CPU.ActiveCfg = Release|Any CPU
		{15336773-0F1F-4EE7-B11E-47DCD72A4B45}.Release|Any CPU.Build.0 = Release|Any CPU
	EndGlobalSection
	GlobalSection(SolutionProperties) = preSolution
		HideSolutionNode = FALSE
	EndGlobalSection
	GlobalSection(ExtensibilityGlobals) = postSolution
		SolutionGuid = {ED52268C-A7D4-48F0-9A58-29611145796F}
	EndGlobalSection
EndGlobal
